
Microsoft Visual Studio Solution File, Format Version 12.00
# Visual Studio 15
VisualStudioVersion = 15.0.27130.2027
MinimumVisualStudioVersion = 10.0.40219.1
Project("{FAE04EC0-301F-11D3-BF4B-00C04F79EFBC}") = "OnlineStore.Website", "OnlineStore.Website\OnlineStore.Website.csproj", "{F114C04B-1D7F-471C-8EB9-81890C544869}"
EndProject
Project("{FAE04EC0-301F-11D3-BF4B-00C04F79EFBC}") = "OnlineStore.Logic", "OnlineStore.Logic\OnlineStore.Logic.csproj", "{8D1BB7AA-4082-4C9F-BC52-864C6E46190C}"
EndProject
Project("{FAE04EC0-301F-11D3-BF4B-00C04F79EFBC}") = "OnlineStore.DataProvider", "OnlineStore.DataProvider\OnlineStore.DataProvider.csproj", "{257D4F34-F8E2-44F7-A00C-AE89224B2529}"
EndProject
Project("{FAE04EC0-301F-11D3-BF4B-00C04F79EFBC}") = "OnlineStore.Model", "OnlineStore.Model\OnlineStore.Model.csproj", "{880FB60D-55E8-4A1C-AE86-DED990C9A65F}"
EndProject
Project("{FAE04EC0-301F-11D3-BF4B-00C04F79EFBC}") = "OnlineStore.Common", "OnlineStore.Common\OnlineStore.Common.csproj", "{AE0DE89D-154B-4D35-9728-FC4CE7AB55D4}"
EndProject
Global
	GlobalSection(SolutionConfigurationPlatforms) = preSolution
		Debug|Any CPU = Debug|Any CPU
		Release|Any CPU = Release|Any CPU
	EndGlobalSection
	GlobalSection(ProjectConfigurationPlatforms) = postSolution
		{F114C04B-1D7F-471C-8EB9-81890C544869}.Debug|Any CPU.ActiveCfg = Debug|Any CPU
		{F114C04B-1D7F-471C-8EB9-81890C544869}.Debug|Any CPU.Build.0 = Debug|Any CPU
		{F114C04B-1D7F-471C-8EB9-81890C544869}.Release|Any CPU.ActiveCfg = Release|Any CPU
		{F114C04B-1D7F-471C-8EB9-81890C544869}.Release|Any CPU.Build.0 = Release|Any CPU
		{8D1BB7AA-4082-4C9F-BC52-864C6E46190C}.Debug|Any CPU.ActiveCfg = Debug|Any CPU
		{8D1BB7AA-4082-4C9F-BC52-864C6E46190C}.Debug|Any CPU.Build.0 = Debug|Any CPU
		{8D1BB7AA-4082-4C9F-BC52-864C6E46190C}.Release|Any CPU.ActiveCfg = Release|Any CPU
		{8D1BB7AA-4082-4C9F-BC52-864C6E46190C}.Release|Any CPU.Build.0 = Release|Any CPU
		{257D4F34-F8E2-44F7-A00C-AE89224B2529}.Debug|Any CPU.ActiveCfg = Debug|Any CPU
		{257D4F34-F8E2-44F7-A00C-AE89224B2529}.Debug|Any CPU.Build.0 = Debug|Any CPU
		{257D4F34-F8E2-44F7-A00C-AE89224B2529}.Release|Any CPU.ActiveCfg = Release|Any CPU
		{257D4F34-F8E2-44F7-A00C-AE89224B2529}.Release|Any CPU.Build.0 = Release|Any CPU
		{880FB60D-55E8-4A1C-AE86-DED990C9A65F}.Debug|Any CPU.ActiveCfg = Debug|Any CPU
		{880FB60D-55E8-4A1C-AE86-DED990C9A65F}.Debug|Any CPU.Build.0 = Debug|Any CPU
		{880FB60D-55E8-4A1C-AE86-DED990C9A65F}.Release|Any CPU.ActiveCfg = Release|Any CPU
		{880FB60D-55E8-4A1C-AE86-DED990C9A65F}.Release|Any CPU.Build.0 = Release|Any CPU
		{AE0DE89D-154B-4D35-9728-FC4CE7AB55D4}.Debug|Any CPU.ActiveCfg = Debug|Any CPU
		{AE0DE89D-154B-4D35-9728-FC4CE7AB55D4}.Debug|Any CPU.Build.0 = Debug|Any CPU
		{AE0DE89D-154B-4D35-9728-FC4CE7AB55D4}.Release|Any CPU.ActiveCfg = Release|Any CPU
		{AE0DE89D-154B-4D35-9728-FC4CE7AB55D4}.Release|Any CPU.Build.0 = Release|Any CPU
	EndGlobalSection
	GlobalSection(SolutionProperties) = preSolution
		HideSolutionNode = FALSE
	EndGlobalSection
	GlobalSection(ExtensibilityGlobals) = postSolution
		SolutionGuid = {0DE8FC05-2CB8-4834-B15A-6BB29D986050}
	EndGlobalSection
EndGlobal
